
Microsoft Visual Studio Solution File, Format Version 12.00
# Visual Studio Version 17
VisualStudioVersion = 17.8.34330.188
MinimumVisualStudioVersion = 10.0.40219.1
Project("{8BC9CEB8-8B4A-11D0-8D11-00A0C91BC942}") = "TheTimeDungeons", "TheTimeDungeons\TheTimeDungeons.vcxproj", "{F7215B66-5FA9-49F9-8623-9526E27D6DDA}"
EndProject
Global
	GlobalSection(SolutionConfigurationPlatforms) = preSolution
		Debug|x64 = Debug|x64
		Debug|x86 = Debug|x86
		Release|x64 = Release|x64
		Release|x86 = Release|x86
	EndGlobalSection
	GlobalSection(ProjectConfigurationPlatforms) = postSolution
		{F7215B66-5FA9-49F9-8623-9526E27D6DDA}.Debug|x64.ActiveCfg = Debug|x64
		{F7215B66-5FA9-49F9-8623-9526E27D6DDA}.Debug|x64.Build.0 = Debug|x64
		{F7215B66-5FA9-49F9-8623-9526E27D6DDA}.Debug|x86.ActiveCfg = Debug|Win32
		{F7215B66-5FA9-49F9-8623-9526E27D6DDA}.Debug|x86.Build.0 = Debug|Win32
		{F7215B66-5FA9-49F9-8623-9526E27D6DDA}.Release|x64.ActiveCfg = Release|x64
		{F7215B66-5FA9-49F9-8623-9526E27D6DDA}.Release|x64.Build.0 = Release|x64
		{F7215B66-5FA9-49F9-8623-9526E27D6DDA}.Release|x86.ActiveCfg = Release|Win32
		{F7215B66-5FA9-49F9-8623-9526E27D6DDA}.Release|x86.Build.0 = Release|Win32
	EndGlobalSection
	GlobalSection(SolutionProperties) = preSolution
		HideSolutionNode = FALSE
	EndGlobalSection
	GlobalSection(ExtensibilityGlobals) = postSolution
		SolutionGuid = {E5424297-8021-4F60-9DCB-59CCE7EBD51B}
	EndGlobalSection
EndGlobal
